// !$*UTF8*$!
{
	archiveVersion = 1;
	classes = {
	};
	objectVersion = 46;
	objects = {

/* Begin PBXBuildFile section */
		3136ACDA1795654D00704973 /* Default@2x.png in Resources */ = {isa = PBXBuildFile; fileRef = 3136ACD71795654D00704973 /* Default@2x.png */; };
		3136ACDB1795654D00704973 /* Default-568h@2x.png in Resources */ = {isa = PBXBuildFile; fileRef = 3136ACD81795654D00704973 /* Default-568h@2x.png */; };
		3136ACDC1795654D00704973 /* Default.png in Resources */ = {isa = PBXBuildFile; fileRef = 3136ACD91795654D00704973 /* Default.png */; };
		3136ACE617959EF500704973 /* status8@2x.png in Resources */ = {isa = PBXBuildFile; fileRef = 3136ACDE17959EF500704973 /* status8@2x.png */; };
		3136ACE717959EF500704973 /* status7@2x.png in Resources */ = {isa = PBXBuildFile; fileRef = 3136ACDF17959EF500704973 /* status7@2x.png */; };
		3136ACE817959EF500704973 /* status6@2x.png in Resources */ = {isa = PBXBuildFile; fileRef = 3136ACE017959EF500704973 /* status6@2x.png */; };
		3136ACE917959EF500704973 /* status5@2x.png in Resources */ = {isa = PBXBuildFile; fileRef = 3136ACE117959EF500704973 /* status5@2x.png */; };
		3136ACEA17959EF500704973 /* status4@2x.png in Resources */ = {isa = PBXBuildFile; fileRef = 3136ACE217959EF500704973 /* status4@2x.png */; };
		3136ACEB17959EF500704973 /* status3@2x.png in Resources */ = {isa = PBXBuildFile; fileRef = 3136ACE317959EF500704973 /* status3@2x.png */; };
		3136ACEC17959EF500704973 /* status2@2x.png in Resources */ = {isa = PBXBuildFile; fileRef = 3136ACE417959EF500704973 /* status2@2x.png */; };
		3136ACED17959EF500704973 /* status1@2x.png in Resources */ = {isa = PBXBuildFile; fileRef = 3136ACE517959EF500704973 /* status1@2x.png */; };
		3136ACF31795B2BA00704973 /* RBTPoppingView.m in Sources */ = {isa = PBXBuildFile; fileRef = 3136ACF21795B2BA00704973 /* RBTPoppingView.m */; };
		3136ACF51795B6CA00704973 /* poppyView@2x.png in Resources */ = {isa = PBXBuildFile; fileRef = 3136ACF41795B6CA00704973 /* poppyView@2x.png */; };
		3136ACF71795B7DD00704973 /* QuartzCore.framework in Frameworks */ = {isa = PBXBuildFile; fileRef = 3136ACF61795B7DD00704973 /* QuartzCore.framework */; };
		3136ACFA1795C3E600704973 /* Employee.m in Sources */ = {isa = PBXBuildFile; fileRef = 3136ACF91795C3E600704973 /* Employee.m */; };
		3136AD01179616D500704973 /* MessageUI.framework in Frameworks */ = {isa = PBXBuildFile; fileRef = 313CB9351794A9D000FFC5CB /* MessageUI.framework */; };
		313CB8F61794A62F00FFC5CB /* UIColor+UIColor_HexColor.m in Sources */ = {isa = PBXBuildFile; fileRef = 313CB8F51794A62F00FFC5CB /* UIColor+UIColor_HexColor.m */; };
		313CB8F91794A67800FFC5CB /* UIImage+OverlayTintColor.m in Sources */ = {isa = PBXBuildFile; fileRef = 313CB8F81794A67800FFC5CB /* UIImage+OverlayTintColor.m */; };
		313CB9031794A79500FFC5CB /* RBTDownloadOperation.m in Sources */ = {isa = PBXBuildFile; fileRef = 313CB9021794A79500FFC5CB /* RBTDownloadOperation.m */; };
		313CB9061794A85700FFC5CB /* RBTAnnotationMap.m in Sources */ = {isa = PBXBuildFile; fileRef = 313CB9051794A85700FFC5CB /* RBTAnnotationMap.m */; };
		313CB91D1794A96C00FFC5CB /* SDWebImageDownloaderOperation.m in Sources */ = {isa = PBXBuildFile; fileRef = 313CB9091794A96C00FFC5CB /* SDWebImageDownloaderOperation.m */; settings = {COMPILER_FLAGS = "-fobjc-arc"; }; };
		313CB91E1794A96C00FFC5CB /* SDWebImageDownloaderOperation.m in Sources */ = {isa = PBXBuildFile; fileRef = 313CB9091794A96C00FFC5CB /* SDWebImageDownloaderOperation.m */; };
		313CB91F1794A96C00FFC5CB /* UIImageView+WebCache.m in Sources */ = {isa = PBXBuildFile; fileRef = 313CB90B1794A96C00FFC5CB /* UIImageView+WebCache.m */; settings = {COMPILER_FLAGS = "-fobjc-arc"; }; };
		313CB9201794A96C00FFC5CB /* UIImageView+WebCache.m in Sources */ = {isa = PBXBuildFile; fileRef = 313CB90B1794A96C00FFC5CB /* UIImageView+WebCache.m */; };
		313CB9211794A96C00FFC5CB /* SDWebImageCompat.m in Sources */ = {isa = PBXBuildFile; fileRef = 313CB90C1794A96C00FFC5CB /* SDWebImageCompat.m */; settings = {COMPILER_FLAGS = "-fobjc-arc"; }; };
		313CB9221794A96C00FFC5CB /* SDWebImageCompat.m in Sources */ = {isa = PBXBuildFile; fileRef = 313CB90C1794A96C00FFC5CB /* SDWebImageCompat.m */; };
		313CB9231794A96C00FFC5CB /* MKAnnotationView+WebCache.m in Sources */ = {isa = PBXBuildFile; fileRef = 313CB90E1794A96C00FFC5CB /* MKAnnotationView+WebCache.m */; settings = {COMPILER_FLAGS = "-fobjc-arc"; }; };
		313CB9241794A96C00FFC5CB /* MKAnnotationView+WebCache.m in Sources */ = {isa = PBXBuildFile; fileRef = 313CB90E1794A96C00FFC5CB /* MKAnnotationView+WebCache.m */; };
		313CB9251794A96C00FFC5CB /* SDImageCache.m in Sources */ = {isa = PBXBuildFile; fileRef = 313CB9101794A96C00FFC5CB /* SDImageCache.m */; settings = {COMPILER_FLAGS = "-fobjc-arc"; }; };
		313CB9261794A96C00FFC5CB /* SDImageCache.m in Sources */ = {isa = PBXBuildFile; fileRef = 313CB9101794A96C00FFC5CB /* SDImageCache.m */; };
		313CB9271794A96C00FFC5CB /* SDWebImageDecoder.m in Sources */ = {isa = PBXBuildFile; fileRef = 313CB9131794A96C00FFC5CB /* SDWebImageDecoder.m */; settings = {COMPILER_FLAGS = "-fobjc-arc"; }; };
		313CB9281794A96C00FFC5CB /* SDWebImageDecoder.m in Sources */ = {isa = PBXBuildFile; fileRef = 313CB9131794A96C00FFC5CB /* SDWebImageDecoder.m */; };
		313CB9291794A96C00FFC5CB /* SDWebImageDownloader.m in Sources */ = {isa = PBXBuildFile; fileRef = 313CB9151794A96C00FFC5CB /* SDWebImageDownloader.m */; settings = {COMPILER_FLAGS = "-fobjc-arc"; }; };
		313CB92A1794A96C00FFC5CB /* SDWebImageDownloader.m in Sources */ = {isa = PBXBuildFile; fileRef = 313CB9151794A96C00FFC5CB /* SDWebImageDownloader.m */; };
		313CB92B1794A96C00FFC5CB /* SDWebImageManager.m in Sources */ = {isa = PBXBuildFile; fileRef = 313CB9171794A96C00FFC5CB /* SDWebImageManager.m */; settings = {COMPILER_FLAGS = "-fobjc-arc"; }; };
		313CB92C1794A96C00FFC5CB /* SDWebImageManager.m in Sources */ = {isa = PBXBuildFile; fileRef = 313CB9171794A96C00FFC5CB /* SDWebImageManager.m */; };
		313CB92D1794A96C00FFC5CB /* SDWebImagePrefetcher.m in Sources */ = {isa = PBXBuildFile; fileRef = 313CB91A1794A96C00FFC5CB /* SDWebImagePrefetcher.m */; settings = {COMPILER_FLAGS = "-fobjc-arc"; }; };
		313CB92E1794A96C00FFC5CB /* SDWebImagePrefetcher.m in Sources */ = {isa = PBXBuildFile; fileRef = 313CB91A1794A96C00FFC5CB /* SDWebImagePrefetcher.m */; };
		313CB92F1794A96C00FFC5CB /* UIButton+WebCache.m in Sources */ = {isa = PBXBuildFile; fileRef = 313CB91C1794A96C00FFC5CB /* UIButton+WebCache.m */; settings = {COMPILER_FLAGS = "-fobjc-arc"; }; };
		313CB9301794A96C00FFC5CB /* UIButton+WebCache.m in Sources */ = {isa = PBXBuildFile; fileRef = 313CB91C1794A96C00FFC5CB /* UIButton+WebCache.m */; };
		313CB9331794A9C900FFC5CB /* AddressBook.framework in Frameworks */ = {isa = PBXBuildFile; fileRef = 313CB9311794A9C900FFC5CB /* AddressBook.framework */; };
		313CB9341794A9C900FFC5CB /* AddressBookUI.framework in Frameworks */ = {isa = PBXBuildFile; fileRef = 313CB9321794A9C900FFC5CB /* AddressBookUI.framework */; };
		313CB9381794A9D800FFC5CB /* CoreLocation.framework in Frameworks */ = {isa = PBXBuildFile; fileRef = 313CB9371794A9D700FFC5CB /* CoreLocation.framework */; };
		313CB93A1794A9DF00FFC5CB /* MapKit.framework in Frameworks */ = {isa = PBXBuildFile; fileRef = 313CB9391794A9DF00FFC5CB /* MapKit.framework */; };
		313CB93C1794A9E500FFC5CB /* ImageIO.framework in Frameworks */ = {isa = PBXBuildFile; fileRef = 313CB93B1794A9E500FFC5CB /* ImageIO.framework */; };
		313CB94B1794B25600FFC5CB /* defaultRibot@2x.png in Resources */ = {isa = PBXBuildFile; fileRef = 313CB94A1794B25600FFC5CB /* defaultRibot@2x.png */; };
		313CB94C1794B25600FFC5CB /* defaultRibot@2x.png in Resources */ = {isa = PBXBuildFile; fileRef = 313CB94A1794B25600FFC5CB /* defaultRibot@2x.png */; };
		313CB94E1794B2C500FFC5CB /* defaultRibot.png in Resources */ = {isa = PBXBuildFile; fileRef = 313CB94D1794B2C500FFC5CB /* defaultRibot.png */; };
		313CB94F1794B2C500FFC5CB /* defaultRibot.png in Resources */ = {isa = PBXBuildFile; fileRef = 313CB94D1794B2C500FFC5CB /* defaultRibot.png */; };
		313CB9641794BDCF00FFC5CB /* tableViewArrow.png in Resources */ = {isa = PBXBuildFile; fileRef = 313CB9621794BDCF00FFC5CB /* tableViewArrow.png */; };
		313CB9651794BDCF00FFC5CB /* tableViewArrow.png in Resources */ = {isa = PBXBuildFile; fileRef = 313CB9621794BDCF00FFC5CB /* tableViewArrow.png */; };
		313CB9661794BDCF00FFC5CB /* tableViewArrow@2x.png in Resources */ = {isa = PBXBuildFile; fileRef = 313CB9631794BDCF00FFC5CB /* tableViewArrow@2x.png */; };
		313CB9671794BDCF00FFC5CB /* tableViewArrow@2x.png in Resources */ = {isa = PBXBuildFile; fileRef = 313CB9631794BDCF00FFC5CB /* tableViewArrow@2x.png */; };
		313CB9781794C7C400FFC5CB /* ribotTeamIconSmall.png in Resources */ = {isa = PBXBuildFile; fileRef = 313CB9761794C7C400FFC5CB /* ribotTeamIconSmall.png */; };
		313CB9791794C7C400FFC5CB /* ribotTeamIconSmall.png in Resources */ = {isa = PBXBuildFile; fileRef = 313CB9761794C7C400FFC5CB /* ribotTeamIconSmall.png */; };
		313CB97A1794C7C400FFC5CB /* ribotTeamIconBig.png in Resources */ = {isa = PBXBuildFile; fileRef = 313CB9771794C7C400FFC5CB /* ribotTeamIconBig.png */; };
		313CB97B1794C7C400FFC5CB /* ribotTeamIconBig.png in Resources */ = {isa = PBXBuildFile; fileRef = 313CB9771794C7C400FFC5CB /* ribotTeamIconBig.png */; };
		314A0283179177BD002C09E4 /* UIKit.framework in Frameworks */ = {isa = PBXBuildFile; fileRef = 314A0282179177BD002C09E4 /* UIKit.framework */; };
		314A0285179177BD002C09E4 /* Foundation.framework in Frameworks */ = {isa = PBXBuildFile; fileRef = 314A0284179177BD002C09E4 /* Foundation.framework */; };
		314A0287179177BD002C09E4 /* CoreGraphics.framework in Frameworks */ = {isa = PBXBuildFile; fileRef = 314A0286179177BD002C09E4 /* CoreGraphics.framework */; };
		314A0289179177BD002C09E4 /* CoreData.framework in Frameworks */ = {isa = PBXBuildFile; fileRef = 314A0288179177BD002C09E4 /* CoreData.framework */; };
		314A028F179177BD002C09E4 /* InfoPlist.strings in Resources */ = {isa = PBXBuildFile; fileRef = 314A028D179177BD002C09E4 /* InfoPlist.strings */; };
		314A0291179177BD002C09E4 /* main.m in Sources */ = {isa = PBXBuildFile; fileRef = 314A0290179177BD002C09E4 /* main.m */; };
		314A0295179177BD002C09E4 /* RBTAppDelegate.m in Sources */ = {isa = PBXBuildFile; fileRef = 314A0294179177BD002C09E4 /* RBTAppDelegate.m */; };
		314A029E179177BD002C09E4 /* RibotTeam.xcdatamodeld in Sources */ = {isa = PBXBuildFile; fileRef = 314A029C179177BD002C09E4 /* RibotTeam.xcdatamodeld */; };
		314A02A1179177BD002C09E4 /* RBTMasterViewController.m in Sources */ = {isa = PBXBuildFile; fileRef = 314A02A0179177BD002C09E4 /* RBTMasterViewController.m */; };
		314A02A4179177BD002C09E4 /* RBTDetailViewController.m in Sources */ = {isa = PBXBuildFile; fileRef = 314A02A3179177BD002C09E4 /* RBTDetailViewController.m */; };
		314A02A7179177BD002C09E4 /* RBTMasterViewController_iPhone.xib in Resources */ = {isa = PBXBuildFile; fileRef = 314A02A5179177BD002C09E4 /* RBTMasterViewController_iPhone.xib */; };
		314A02AA179177BD002C09E4 /* RBTMasterViewController_iPad.xib in Resources */ = {isa = PBXBuildFile; fileRef = 314A02A8179177BD002C09E4 /* RBTMasterViewController_iPad.xib */; };
		314A02AD179177BD002C09E4 /* RBTDetailViewController_iPhone.xib in Resources */ = {isa = PBXBuildFile; fileRef = 314A02AB179177BD002C09E4 /* RBTDetailViewController_iPhone.xib */; };
		314A02B0179177BD002C09E4 /* RBTDetailViewController_iPad.xib in Resources */ = {isa = PBXBuildFile; fileRef = 314A02AE179177BD002C09E4 /* RBTDetailViewController_iPad.xib */; };
		314A02B8179177BD002C09E4 /* SenTestingKit.framework in Frameworks */ = {isa = PBXBuildFile; fileRef = 314A02B7179177BD002C09E4 /* SenTestingKit.framework */; };
		314A02B9179177BD002C09E4 /* UIKit.framework in Frameworks */ = {isa = PBXBuildFile; fileRef = 314A0282179177BD002C09E4 /* UIKit.framework */; };
		314A02BA179177BD002C09E4 /* Foundation.framework in Frameworks */ = {isa = PBXBuildFile; fileRef = 314A0284179177BD002C09E4 /* Foundation.framework */; };
		314A02BB179177BD002C09E4 /* CoreData.framework in Frameworks */ = {isa = PBXBuildFile; fileRef = 314A0288179177BD002C09E4 /* CoreData.framework */; };
		314A02C3179177BD002C09E4 /* InfoPlist.strings in Resources */ = {isa = PBXBuildFile; fileRef = 314A02C1179177BD002C09E4 /* InfoPlist.strings */; };
		314A02C6179177BD002C09E4 /* RibotTeamTests.m in Sources */ = {isa = PBXBuildFile; fileRef = 314A02C5179177BD002C09E4 /* RibotTeamTests.m */; };
		316364E01796BC3A009B1315 /* Reachability.m in Sources */ = {isa = PBXBuildFile; fileRef = 316364DF1796BC3A009B1315 /* Reachability.m */; };
		316364E11796BC3A009B1315 /* Reachability.m in Sources */ = {isa = PBXBuildFile; fileRef = 316364DF1796BC3A009B1315 /* Reachability.m */; };
		316364E31796BC4D009B1315 /* SystemConfiguration.framework in Frameworks */ = {isa = PBXBuildFile; fileRef = 316364E21796BC4D009B1315 /* SystemConfiguration.framework */; };
/* End PBXBuildFile section */

/* Begin PBXContainerItemProxy section */
		314A02BC179177BD002C09E4 /* PBXContainerItemProxy */ = {
			isa = PBXContainerItemProxy;
			containerPortal = 314A0277179177BD002C09E4 /* Project object */;
			proxyType = 1;
			remoteGlobalIDString = 314A027E179177BD002C09E4;
			remoteInfo = RibotTeam;
		};
/* End PBXContainerItemProxy section */

/* Begin PBXFileReference section */
		3136ACD71795654D00704973 /* Default@2x.png */ = {isa = PBXFileReference; lastKnownFileType = image.png; path = "Default@2x.png"; sourceTree = "<group>"; };
		3136ACD81795654D00704973 /* Default-568h@2x.png */ = {isa = PBXFileReference; lastKnownFileType = image.png; path = "Default-568h@2x.png"; sourceTree = "<group>"; };
		3136ACD91795654D00704973 /* Default.png */ = {isa = PBXFileReference; lastKnownFileType = image.png; path = Default.png; sourceTree = "<group>"; };
		3136ACDE17959EF500704973 /* status8@2x.png */ = {isa = PBXFileReference; lastKnownFileType = image.png; path = "status8@2x.png"; sourceTree = "<group>"; };
		3136ACDF17959EF500704973 /* status7@2x.png */ = {isa = PBXFileReference; lastKnownFileType = image.png; path = "status7@2x.png"; sourceTree = "<group>"; };
		3136ACE017959EF500704973 /* status6@2x.png */ = {isa = PBXFileReference; lastKnownFileType = image.png; path = "status6@2x.png"; sourceTree = "<group>"; };
		3136ACE117959EF500704973 /* status5@2x.png */ = {isa = PBXFileReference; lastKnownFileType = image.png; path = "status5@2x.png"; sourceTree = "<group>"; };
		3136ACE217959EF500704973 /* status4@2x.png */ = {isa = PBXFileReference; lastKnownFileType = image.png; path = "status4@2x.png"; sourceTree = "<group>"; };
		3136ACE317959EF500704973 /* status3@2x.png */ = {isa = PBXFileReference; lastKnownFileType = image.png; path = "status3@2x.png"; sourceTree = "<group>"; };
		3136ACE417959EF500704973 /* status2@2x.png */ = {isa = PBXFileReference; lastKnownFileType = image.png; path = "status2@2x.png"; sourceTree = "<group>"; };
		3136ACE517959EF500704973 /* status1@2x.png */ = {isa = PBXFileReference; lastKnownFileType = image.png; path = "status1@2x.png"; sourceTree = "<group>"; };
		3136ACF11795B2BA00704973 /* RBTPoppingView.h */ = {isa = PBXFileReference; fileEncoding = 4; lastKnownFileType = sourcecode.c.h; path = RBTPoppingView.h; sourceTree = "<group>"; };
		3136ACF21795B2BA00704973 /* RBTPoppingView.m */ = {isa = PBXFileReference; fileEncoding = 4; lastKnownFileType = sourcecode.c.objc; path = RBTPoppingView.m; sourceTree = "<group>"; };
		3136ACF41795B6CA00704973 /* poppyView@2x.png */ = {isa = PBXFileReference; lastKnownFileType = image.png; path = "poppyView@2x.png"; sourceTree = "<group>"; };
		3136ACF61795B7DD00704973 /* QuartzCore.framework */ = {isa = PBXFileReference; lastKnownFileType = wrapper.framework; name = QuartzCore.framework; path = System/Library/Frameworks/QuartzCore.framework; sourceTree = SDKROOT; };
		3136ACF81795C3E600704973 /* Employee.h */ = {isa = PBXFileReference; fileEncoding = 4; lastKnownFileType = sourcecode.c.h; path = Employee.h; sourceTree = "<group>"; };
		3136ACF91795C3E600704973 /* Employee.m */ = {isa = PBXFileReference; fileEncoding = 4; lastKnownFileType = sourcecode.c.objc; path = Employee.m; sourceTree = "<group>"; };
		313CB8F41794A62F00FFC5CB /* UIColor+UIColor_HexColor.h */ = {isa = PBXFileReference; fileEncoding = 4; lastKnownFileType = sourcecode.c.h; path = "UIColor+UIColor_HexColor.h"; sourceTree = "<group>"; };
		313CB8F51794A62F00FFC5CB /* UIColor+UIColor_HexColor.m */ = {isa = PBXFileReference; fileEncoding = 4; lastKnownFileType = sourcecode.c.objc; path = "UIColor+UIColor_HexColor.m"; sourceTree = "<group>"; };
		313CB8F71794A67800FFC5CB /* UIImage+OverlayTintColor.h */ = {isa = PBXFileReference; fileEncoding = 4; lastKnownFileType = sourcecode.c.h; path = "UIImage+OverlayTintColor.h"; sourceTree = "<group>"; };
		313CB8F81794A67800FFC5CB /* UIImage+OverlayTintColor.m */ = {isa = PBXFileReference; fileEncoding = 4; lastKnownFileType = sourcecode.c.objc; path = "UIImage+OverlayTintColor.m"; sourceTree = "<group>"; };
		313CB9011794A79500FFC5CB /* RBTDownloadOperation.h */ = {isa = PBXFileReference; fileEncoding = 4; lastKnownFileType = sourcecode.c.h; path = RBTDownloadOperation.h; sourceTree = "<group>"; };
		313CB9021794A79500FFC5CB /* RBTDownloadOperation.m */ = {isa = PBXFileReference; fileEncoding = 4; lastKnownFileType = sourcecode.c.objc; path = RBTDownloadOperation.m; sourceTree = "<group>"; };
		313CB9041794A85700FFC5CB /* RBTAnnotationMap.h */ = {isa = PBXFileReference; fileEncoding = 4; lastKnownFileType = sourcecode.c.h; path = RBTAnnotationMap.h; sourceTree = "<group>"; };
		313CB9051794A85700FFC5CB /* RBTAnnotationMap.m */ = {isa = PBXFileReference; fileEncoding = 4; lastKnownFileType = sourcecode.c.objc; path = RBTAnnotationMap.m; sourceTree = "<group>"; };
		313CB9081794A96C00FFC5CB /* SDWebImageDownloaderOperation.h */ = {isa = PBXFileReference; fileEncoding = 4; lastKnownFileType = sourcecode.c.h; path = SDWebImageDownloaderOperation.h; sourceTree = "<group>"; };
		313CB9091794A96C00FFC5CB /* SDWebImageDownloaderOperation.m */ = {isa = PBXFileReference; fileEncoding = 4; lastKnownFileType = sourcecode.c.objc; path = SDWebImageDownloaderOperation.m; sourceTree = "<group>"; };
		313CB90A1794A96C00FFC5CB /* UIImageView+WebCache.h */ = {isa = PBXFileReference; fileEncoding = 4; lastKnownFileType = sourcecode.c.h; path = "UIImageView+WebCache.h"; sourceTree = "<group>"; };
		313CB90B1794A96C00FFC5CB /* UIImageView+WebCache.m */ = {isa = PBXFileReference; fileEncoding = 4; lastKnownFileType = sourcecode.c.objc; path = "UIImageView+WebCache.m"; sourceTree = "<group>"; };
		313CB90C1794A96C00FFC5CB /* SDWebImageCompat.m */ = {isa = PBXFileReference; fileEncoding = 4; lastKnownFileType = sourcecode.c.objc; path = SDWebImageCompat.m; sourceTree = "<group>"; };
		313CB90D1794A96C00FFC5CB /* MKAnnotationView+WebCache.h */ = {isa = PBXFileReference; fileEncoding = 4; lastKnownFileType = sourcecode.c.h; path = "MKAnnotationView+WebCache.h"; sourceTree = "<group>"; };
		313CB90E1794A96C00FFC5CB /* MKAnnotationView+WebCache.m */ = {isa = PBXFileReference; fileEncoding = 4; lastKnownFileType = sourcecode.c.objc; path = "MKAnnotationView+WebCache.m"; sourceTree = "<group>"; };
		313CB90F1794A96C00FFC5CB /* SDImageCache.h */ = {isa = PBXFileReference; fileEncoding = 4; lastKnownFileType = sourcecode.c.h; path = SDImageCache.h; sourceTree = "<group>"; };
		313CB9101794A96C00FFC5CB /* SDImageCache.m */ = {isa = PBXFileReference; fileEncoding = 4; lastKnownFileType = sourcecode.c.objc; path = SDImageCache.m; sourceTree = "<group>"; };
		313CB9111794A96C00FFC5CB /* SDWebImageCompat.h */ = {isa = PBXFileReference; fileEncoding = 4; lastKnownFileType = sourcecode.c.h; path = SDWebImageCompat.h; sourceTree = "<group>"; };
		313CB9121794A96C00FFC5CB /* SDWebImageDecoder.h */ = {isa = PBXFileReference; fileEncoding = 4; lastKnownFileType = sourcecode.c.h; path = SDWebImageDecoder.h; sourceTree = "<group>"; };
		313CB9131794A96C00FFC5CB /* SDWebImageDecoder.m */ = {isa = PBXFileReference; fileEncoding = 4; lastKnownFileType = sourcecode.c.objc; path = SDWebImageDecoder.m; sourceTree = "<group>"; };
		313CB9141794A96C00FFC5CB /* SDWebImageDownloader.h */ = {isa = PBXFileReference; fileEncoding = 4; lastKnownFileType = sourcecode.c.h; path = SDWebImageDownloader.h; sourceTree = "<group>"; };
		313CB9151794A96C00FFC5CB /* SDWebImageDownloader.m */ = {isa = PBXFileReference; fileEncoding = 4; lastKnownFileType = sourcecode.c.objc; path = SDWebImageDownloader.m; sourceTree = "<group>"; };
		313CB9161794A96C00FFC5CB /* SDWebImageManager.h */ = {isa = PBXFileReference; fileEncoding = 4; lastKnownFileType = sourcecode.c.h; path = SDWebImageManager.h; sourceTree = "<group>"; };
		313CB9171794A96C00FFC5CB /* SDWebImageManager.m */ = {isa = PBXFileReference; fileEncoding = 4; lastKnownFileType = sourcecode.c.objc; path = SDWebImageManager.m; sourceTree = "<group>"; };
		313CB9181794A96C00FFC5CB /* SDWebImageOperation.h */ = {isa = PBXFileReference; fileEncoding = 4; lastKnownFileType = sourcecode.c.h; path = SDWebImageOperation.h; sourceTree = "<group>"; };
		313CB9191794A96C00FFC5CB /* SDWebImagePrefetcher.h */ = {isa = PBXFileReference; fileEncoding = 4; lastKnownFileType = sourcecode.c.h; path = SDWebImagePrefetcher.h; sourceTree = "<group>"; };
		313CB91A1794A96C00FFC5CB /* SDWebImagePrefetcher.m */ = {isa = PBXFileReference; fileEncoding = 4; lastKnownFileType = sourcecode.c.objc; path = SDWebImagePrefetcher.m; sourceTree = "<group>"; };
		313CB91B1794A96C00FFC5CB /* UIButton+WebCache.h */ = {isa = PBXFileReference; fileEncoding = 4; lastKnownFileType = sourcecode.c.h; path = "UIButton+WebCache.h"; sourceTree = "<group>"; };
		313CB91C1794A96C00FFC5CB /* UIButton+WebCache.m */ = {isa = PBXFileReference; fileEncoding = 4; lastKnownFileType = sourcecode.c.objc; path = "UIButton+WebCache.m"; sourceTree = "<group>"; };
		313CB9311794A9C900FFC5CB /* AddressBook.framework */ = {isa = PBXFileReference; lastKnownFileType = wrapper.framework; name = AddressBook.framework; path = System/Library/Frameworks/AddressBook.framework; sourceTree = SDKROOT; };
		313CB9321794A9C900FFC5CB /* AddressBookUI.framework */ = {isa = PBXFileReference; lastKnownFileType = wrapper.framework; name = AddressBookUI.framework; path = System/Library/Frameworks/AddressBookUI.framework; sourceTree = SDKROOT; };
		313CB9351794A9D000FFC5CB /* MessageUI.framework */ = {isa = PBXFileReference; lastKnownFileType = wrapper.framework; name = MessageUI.framework; path = System/Library/Frameworks/MessageUI.framework; sourceTree = SDKROOT; };
		313CB9371794A9D700FFC5CB /* CoreLocation.framework */ = {isa = PBXFileReference; lastKnownFileType = wrapper.framework; name = CoreLocation.framework; path = System/Library/Frameworks/CoreLocation.framework; sourceTree = SDKROOT; };
		313CB9391794A9DF00FFC5CB /* MapKit.framework */ = {isa = PBXFileReference; lastKnownFileType = wrapper.framework; name = MapKit.framework; path = System/Library/Frameworks/MapKit.framework; sourceTree = SDKROOT; };
		313CB93B1794A9E500FFC5CB /* ImageIO.framework */ = {isa = PBXFileReference; lastKnownFileType = wrapper.framework; name = ImageIO.framework; path = System/Library/Frameworks/ImageIO.framework; sourceTree = SDKROOT; };
		313CB94A1794B25600FFC5CB /* defaultRibot@2x.png */ = {isa = PBXFileReference; lastKnownFileType = image.png; path = "defaultRibot@2x.png"; sourceTree = "<group>"; };
		313CB94D1794B2C500FFC5CB /* defaultRibot.png */ = {isa = PBXFileReference; lastKnownFileType = image.png; path = defaultRibot.png; sourceTree = "<group>"; };
		313CB9621794BDCF00FFC5CB /* tableViewArrow.png */ = {isa = PBXFileReference; lastKnownFileType = image.png; path = tableViewArrow.png; sourceTree = "<group>"; };
		313CB9631794BDCF00FFC5CB /* tableViewArrow@2x.png */ = {isa = PBXFileReference; lastKnownFileType = image.png; path = "tableViewArrow@2x.png"; sourceTree = "<group>"; };
		313CB9761794C7C400FFC5CB /* ribotTeamIconSmall.png */ = {isa = PBXFileReference; lastKnownFileType = image.png; path = ribotTeamIconSmall.png; sourceTree = "<group>"; };
		313CB9771794C7C400FFC5CB /* ribotTeamIconBig.png */ = {isa = PBXFileReference; lastKnownFileType = image.png; path = ribotTeamIconBig.png; sourceTree = "<group>"; };
		314A027F179177BD002C09E4 /* RibotTeam.app */ = {isa = PBXFileReference; explicitFileType = wrapper.application; includeInIndex = 0; path = RibotTeam.app; sourceTree = BUILT_PRODUCTS_DIR; };
		314A0282179177BD002C09E4 /* UIKit.framework */ = {isa = PBXFileReference; lastKnownFileType = wrapper.framework; name = UIKit.framework; path = System/Library/Frameworks/UIKit.framework; sourceTree = SDKROOT; };
		314A0284179177BD002C09E4 /* Foundation.framework */ = {isa = PBXFileReference; lastKnownFileType = wrapper.framework; name = Foundation.framework; path = System/Library/Frameworks/Foundation.framework; sourceTree = SDKROOT; };
		314A0286179177BD002C09E4 /* CoreGraphics.framework */ = {isa = PBXFileReference; lastKnownFileType = wrapper.framework; name = CoreGraphics.framework; path = System/Library/Frameworks/CoreGraphics.framework; sourceTree = SDKROOT; };
		314A0288179177BD002C09E4 /* CoreData.framework */ = {isa = PBXFileReference; lastKnownFileType = wrapper.framework; name = CoreData.framework; path = System/Library/Frameworks/CoreData.framework; sourceTree = SDKROOT; };
		314A028C179177BD002C09E4 /* RibotTeam-Info.plist */ = {isa = PBXFileReference; lastKnownFileType = text.plist.xml; path = "RibotTeam-Info.plist"; sourceTree = "<group>"; };
		314A028E179177BD002C09E4 /* en */ = {isa = PBXFileReference; lastKnownFileType = text.plist.strings; name = en; path = en.lproj/InfoPlist.strings; sourceTree = "<group>"; };
		314A0290179177BD002C09E4 /* main.m */ = {isa = PBXFileReference; lastKnownFileType = sourcecode.c.objc; path = main.m; sourceTree = "<group>"; };
		314A0292179177BD002C09E4 /* RibotTeam-Prefix.pch */ = {isa = PBXFileReference; lastKnownFileType = sourcecode.c.h; path = "RibotTeam-Prefix.pch"; sourceTree = "<group>"; };
		314A0293179177BD002C09E4 /* RBTAppDelegate.h */ = {isa = PBXFileReference; lastKnownFileType = sourcecode.c.h; path = RBTAppDelegate.h; sourceTree = "<group>"; };
		314A0294179177BD002C09E4 /* RBTAppDelegate.m */ = {isa = PBXFileReference; lastKnownFileType = sourcecode.c.objc; path = RBTAppDelegate.m; sourceTree = "<group>"; };
		314A029D179177BD002C09E4 /* RibotTeam.xcdatamodel */ = {isa = PBXFileReference; lastKnownFileType = wrapper.xcdatamodel; path = RibotTeam.xcdatamodel; sourceTree = "<group>"; };
		314A029F179177BD002C09E4 /* RBTMasterViewController.h */ = {isa = PBXFileReference; lastKnownFileType = sourcecode.c.h; path = RBTMasterViewController.h; sourceTree = "<group>"; };
		314A02A0179177BD002C09E4 /* RBTMasterViewController.m */ = {isa = PBXFileReference; lastKnownFileType = sourcecode.c.objc; path = RBTMasterViewController.m; sourceTree = "<group>"; };
		314A02A2179177BD002C09E4 /* RBTDetailViewController.h */ = {isa = PBXFileReference; lastKnownFileType = sourcecode.c.h; path = RBTDetailViewController.h; sourceTree = "<group>"; };
		314A02A3179177BD002C09E4 /* RBTDetailViewController.m */ = {isa = PBXFileReference; lastKnownFileType = sourcecode.c.objc; path = RBTDetailViewController.m; sourceTree = "<group>"; };
		314A02A6179177BD002C09E4 /* en */ = {isa = PBXFileReference; lastKnownFileType = file.xib; name = en; path = en.lproj/RBTMasterViewController_iPhone.xib; sourceTree = "<group>"; };
		314A02A9179177BD002C09E4 /* en */ = {isa = PBXFileReference; lastKnownFileType = file.xib; name = en; path = en.lproj/RBTMasterViewController_iPad.xib; sourceTree = "<group>"; };
		314A02AC179177BD002C09E4 /* en */ = {isa = PBXFileReference; lastKnownFileType = file.xib; name = en; path = en.lproj/RBTDetailViewController_iPhone.xib; sourceTree = "<group>"; };
		314A02AF179177BD002C09E4 /* en */ = {isa = PBXFileReference; lastKnownFileType = file.xib; name = en; path = en.lproj/RBTDetailViewController_iPad.xib; sourceTree = "<group>"; };
		314A02B6179177BD002C09E4 /* RibotTeamTests.octest */ = {isa = PBXFileReference; explicitFileType = wrapper.cfbundle; includeInIndex = 0; path = RibotTeamTests.octest; sourceTree = BUILT_PRODUCTS_DIR; };
		314A02B7179177BD002C09E4 /* SenTestingKit.framework */ = {isa = PBXFileReference; lastKnownFileType = wrapper.framework; name = SenTestingKit.framework; path = Library/Frameworks/SenTestingKit.framework; sourceTree = DEVELOPER_DIR; };
		314A02C0179177BD002C09E4 /* RibotTeamTests-Info.plist */ = {isa = PBXFileReference; lastKnownFileType = text.plist.xml; path = "RibotTeamTests-Info.plist"; sourceTree = "<group>"; };
		314A02C2179177BD002C09E4 /* en */ = {isa = PBXFileReference; lastKnownFileType = text.plist.strings; name = en; path = en.lproj/InfoPlist.strings; sourceTree = "<group>"; };
		314A02C4179177BD002C09E4 /* RibotTeamTests.h */ = {isa = PBXFileReference; lastKnownFileType = sourcecode.c.h; path = RibotTeamTests.h; sourceTree = "<group>"; };
		314A02C5179177BD002C09E4 /* RibotTeamTests.m */ = {isa = PBXFileReference; lastKnownFileType = sourcecode.c.objc; path = RibotTeamTests.m; sourceTree = "<group>"; };
		316364DE1796BC3A009B1315 /* Reachability.h */ = {isa = PBXFileReference; fileEncoding = 4; lastKnownFileType = sourcecode.c.h; path = Reachability.h; sourceTree = "<group>"; };
		316364DF1796BC3A009B1315 /* Reachability.m */ = {isa = PBXFileReference; fileEncoding = 4; lastKnownFileType = sourcecode.c.objc; path = Reachability.m; sourceTree = "<group>"; };
		316364E21796BC4D009B1315 /* SystemConfiguration.framework */ = {isa = PBXFileReference; lastKnownFileType = wrapper.framework; name = SystemConfiguration.framework; path = System/Library/Frameworks/SystemConfiguration.framework; sourceTree = SDKROOT; };
/* End PBXFileReference section */

/* Begin PBXFrameworksBuildPhase section */
		314A027C179177BD002C09E4 /* Frameworks */ = {
			isa = PBXFrameworksBuildPhase;
			buildActionMask = 2147483647;
			files = (
				316364E31796BC4D009B1315 /* SystemConfiguration.framework in Frameworks */,
				3136AD01179616D500704973 /* MessageUI.framework in Frameworks */,
				3136ACF71795B7DD00704973 /* QuartzCore.framework in Frameworks */,
				313CB93C1794A9E500FFC5CB /* ImageIO.framework in Frameworks */,
				313CB93A1794A9DF00FFC5CB /* MapKit.framework in Frameworks */,
				313CB9381794A9D800FFC5CB /* CoreLocation.framework in Frameworks */,
				313CB9331794A9C900FFC5CB /* AddressBook.framework in Frameworks */,
				313CB9341794A9C900FFC5CB /* AddressBookUI.framework in Frameworks */,
				314A0283179177BD002C09E4 /* UIKit.framework in Frameworks */,
				314A0285179177BD002C09E4 /* Foundation.framework in Frameworks */,
				314A0287179177BD002C09E4 /* CoreGraphics.framework in Frameworks */,
				314A0289179177BD002C09E4 /* CoreData.framework in Frameworks */,
			);
			runOnlyForDeploymentPostprocessing = 0;
		};
		314A02B2179177BD002C09E4 /* Frameworks */ = {
			isa = PBXFrameworksBuildPhase;
			buildActionMask = 2147483647;
			files = (
				314A02B8179177BD002C09E4 /* SenTestingKit.framework in Frameworks */,
				314A02B9179177BD002C09E4 /* UIKit.framework in Frameworks */,
				314A02BA179177BD002C09E4 /* Foundation.framework in Frameworks */,
				314A02BB179177BD002C09E4 /* CoreData.framework in Frameworks */,
			);
			runOnlyForDeploymentPostprocessing = 0;
		};
/* End PBXFrameworksBuildPhase section */

/* Begin PBXGroup section */
		3136ACDD17959EE300704973 /* Loader */ = {
			isa = PBXGroup;
			children = (
				3136ACDE17959EF500704973 /* status8@2x.png */,
				3136ACDF17959EF500704973 /* status7@2x.png */,
				3136ACE017959EF500704973 /* status6@2x.png */,
				3136ACE117959EF500704973 /* status5@2x.png */,
				3136ACE217959EF500704973 /* status4@2x.png */,
				3136ACE317959EF500704973 /* status3@2x.png */,
				3136ACE417959EF500704973 /* status2@2x.png */,
				3136ACE517959EF500704973 /* status1@2x.png */,
			);
			name = Loader;
			sourceTree = "<group>";
		};
		3136ACFB1795EB0500704973 /* PoppyView */ = {
			isa = PBXGroup;
			children = (
				3136ACF41795B6CA00704973 /* poppyView@2x.png */,
			);
			name = PoppyView;
			sourceTree = "<group>";
		};
		3136ACFC1795EB1000704973 /* Icons */ = {
			isa = PBXGroup;
			children = (
				313CB9761794C7C400FFC5CB /* ribotTeamIconSmall.png */,
				313CB9771794C7C400FFC5CB /* ribotTeamIconBig.png */,
			);
			name = Icons;
			sourceTree = "<group>";
		};
		3136ACFD1795EB2000704973 /* TableView */ = {
			isa = PBXGroup;
			children = (
				313CB9621794BDCF00FFC5CB /* tableViewArrow.png */,
				313CB9631794BDCF00FFC5CB /* tableViewArrow@2x.png */,
				313CB94A1794B25600FFC5CB /* defaultRibot@2x.png */,
				313CB94D1794B2C500FFC5CB /* defaultRibot.png */,
			);
			name = TableView;
			sourceTree = "<group>";
		};
		3136ACFE1796042100704973 /* iPad */ = {
			isa = PBXGroup;
			children = (
				314A02A8179177BD002C09E4 /* RBTMasterViewController_iPad.xib */,
				314A02AE179177BD002C09E4 /* RBTDetailViewController_iPad.xib */,
			);
			name = iPad;
			sourceTree = "<group>";
		};
		3136ACFF1796043400704973 /* iPhone */ = {
			isa = PBXGroup;
			children = (
				314A02A5179177BD002C09E4 /* RBTMasterViewController_iPhone.xib */,
				314A02AB179177BD002C09E4 /* RBTDetailViewController_iPhone.xib */,
			);
			name = iPhone;
			sourceTree = "<group>";
		};
		313CB8F01794A5B400FFC5CB /* Resources */ = {
			isa = PBXGroup;
			children = (
				313CB8F31794A5EA00FFC5CB /* Categories */,
				313CB8F21794A5E100FFC5CB /* Operations */,
				313CB8F11794A5DB00FFC5CB /* Maps */,
				316364DD1796BC2B009B1315 /* Reachability */,
				313CB9071794A94600FFC5CB /* SDWebImage */,
				313CB93D1794AE4D00FFC5CB /* Assets */,
			);
			name = Resources;
			sourceTree = "<group>";
		};
		313CB8F11794A5DB00FFC5CB /* Maps */ = {
			isa = PBXGroup;
			children = (
				313CB9041794A85700FFC5CB /* RBTAnnotationMap.h */,
				313CB9051794A85700FFC5CB /* RBTAnnotationMap.m */,
			);
			name = Maps;
			sourceTree = "<group>";
		};
		313CB8F21794A5E100FFC5CB /* Operations */ = {
			isa = PBXGroup;
			children = (
				313CB9011794A79500FFC5CB /* RBTDownloadOperation.h */,
				313CB9021794A79500FFC5CB /* RBTDownloadOperation.m */,
			);
			name = Operations;
			sourceTree = "<group>";
		};
		313CB8F31794A5EA00FFC5CB /* Categories */ = {
			isa = PBXGroup;
			children = (
				313CB8F41794A62F00FFC5CB /* UIColor+UIColor_HexColor.h */,
				313CB8F51794A62F00FFC5CB /* UIColor+UIColor_HexColor.m */,
				313CB8F71794A67800FFC5CB /* UIImage+OverlayTintColor.h */,
				313CB8F81794A67800FFC5CB /* UIImage+OverlayTintColor.m */,
			);
			name = Categories;
			sourceTree = "<group>";
		};
		313CB9071794A94600FFC5CB /* SDWebImage */ = {
			isa = PBXGroup;
			children = (
				313CB9081794A96C00FFC5CB /* SDWebImageDownloaderOperation.h */,
				313CB9091794A96C00FFC5CB /* SDWebImageDownloaderOperation.m */,
				313CB90A1794A96C00FFC5CB /* UIImageView+WebCache.h */,
				313CB90B1794A96C00FFC5CB /* UIImageView+WebCache.m */,
				313CB90C1794A96C00FFC5CB /* SDWebImageCompat.m */,
				313CB90D1794A96C00FFC5CB /* MKAnnotationView+WebCache.h */,
				313CB90E1794A96C00FFC5CB /* MKAnnotationView+WebCache.m */,
				313CB90F1794A96C00FFC5CB /* SDImageCache.h */,
				313CB9101794A96C00FFC5CB /* SDImageCache.m */,
				313CB9111794A96C00FFC5CB /* SDWebImageCompat.h */,
				313CB9121794A96C00FFC5CB /* SDWebImageDecoder.h */,
				313CB9131794A96C00FFC5CB /* SDWebImageDecoder.m */,
				313CB9141794A96C00FFC5CB /* SDWebImageDownloader.h */,
				313CB9151794A96C00FFC5CB /* SDWebImageDownloader.m */,
				313CB9161794A96C00FFC5CB /* SDWebImageManager.h */,
				313CB9171794A96C00FFC5CB /* SDWebImageManager.m */,
				313CB9181794A96C00FFC5CB /* SDWebImageOperation.h */,
				313CB9191794A96C00FFC5CB /* SDWebImagePrefetcher.h */,
				313CB91A1794A96C00FFC5CB /* SDWebImagePrefetcher.m */,
				313CB91B1794A96C00FFC5CB /* UIButton+WebCache.h */,
				313CB91C1794A96C00FFC5CB /* UIButton+WebCache.m */,
			);
			name = SDWebImage;
			sourceTree = "<group>";
		};
		313CB93D1794AE4D00FFC5CB /* Assets */ = {
			isa = PBXGroup;
			children = (
				3136ACFD1795EB2000704973 /* TableView */,
				3136ACFC1795EB1000704973 /* Icons */,
				3136ACFB1795EB0500704973 /* PoppyView */,
				3136ACDD17959EE300704973 /* Loader */,
			);
			name = Assets;
			sourceTree = "<group>";
		};
		314A0276179177BD002C09E4 = {
			isa = PBXGroup;
			children = (
				314A028A179177BD002C09E4 /* RibotTeam */,
				314A02BE179177BD002C09E4 /* RibotTeamTests */,
				314A0281179177BD002C09E4 /* Frameworks */,
				314A0280179177BD002C09E4 /* Products */,
			);
			indentWidth = 3;
			sourceTree = "<group>";
		};
		314A0280179177BD002C09E4 /* Products */ = {
			isa = PBXGroup;
			children = (
				314A027F179177BD002C09E4 /* RibotTeam.app */,
				314A02B6179177BD002C09E4 /* RibotTeamTests.octest */,
			);
			name = Products;
			sourceTree = "<group>";
		};
		314A0281179177BD002C09E4 /* Frameworks */ = {
			isa = PBXGroup;
			children = (
				316364E21796BC4D009B1315 /* SystemConfiguration.framework */,
				3136ACF61795B7DD00704973 /* QuartzCore.framework */,
				313CB93B1794A9E500FFC5CB /* ImageIO.framework */,
				313CB9391794A9DF00FFC5CB /* MapKit.framework */,
				313CB9371794A9D700FFC5CB /* CoreLocation.framework */,
				313CB9351794A9D000FFC5CB /* MessageUI.framework */,
				313CB9311794A9C900FFC5CB /* AddressBook.framework */,
				313CB9321794A9C900FFC5CB /* AddressBookUI.framework */,
				314A0282179177BD002C09E4 /* UIKit.framework */,
				314A0284179177BD002C09E4 /* Foundation.framework */,
				314A0286179177BD002C09E4 /* CoreGraphics.framework */,
				314A0288179177BD002C09E4 /* CoreData.framework */,
				314A02B7179177BD002C09E4 /* SenTestingKit.framework */,
			);
			name = Frameworks;
			sourceTree = "<group>";
		};
		314A028A179177BD002C09E4 /* RibotTeam */ = {
			isa = PBXGroup;
			children = (
				314A0293179177BD002C09E4 /* RBTAppDelegate.h */,
				314A0294179177BD002C09E4 /* RBTAppDelegate.m */,
				314A02CF17917808002C09E4 /* MVC */,
				313CB8F01794A5B400FFC5CB /* Resources */,
				314A028B179177BD002C09E4 /* Supporting Files */,
			);
			path = RibotTeam;
			sourceTree = "<group>";
		};
		314A028B179177BD002C09E4 /* Supporting Files */ = {
			isa = PBXGroup;
			children = (
				3136ACD71795654D00704973 /* Default@2x.png */,
				3136ACD81795654D00704973 /* Default-568h@2x.png */,
				3136ACD91795654D00704973 /* Default.png */,
				314A028C179177BD002C09E4 /* RibotTeam-Info.plist */,
				314A028D179177BD002C09E4 /* InfoPlist.strings */,
				314A0290179177BD002C09E4 /* main.m */,
				314A0292179177BD002C09E4 /* RibotTeam-Prefix.pch */,
			);
			name = "Supporting Files";
			sourceTree = "<group>";
		};
		314A02BE179177BD002C09E4 /* RibotTeamTests */ = {
			isa = PBXGroup;
			children = (
				314A02C4179177BD002C09E4 /* RibotTeamTests.h */,
				314A02C5179177BD002C09E4 /* RibotTeamTests.m */,
				314A02BF179177BD002C09E4 /* Supporting Files */,
			);
			path = RibotTeamTests;
			sourceTree = "<group>";
		};
		314A02BF179177BD002C09E4 /* Supporting Files */ = {
			isa = PBXGroup;
			children = (
				314A02C0179177BD002C09E4 /* RibotTeamTests-Info.plist */,
				314A02C1179177BD002C09E4 /* InfoPlist.strings */,
			);
			name = "Supporting Files";
			sourceTree = "<group>";
		};
		314A02CF17917808002C09E4 /* MVC */ = {
			isa = PBXGroup;
			children = (
				314A02D01791780D002C09E4 /* MODEL */,
				314A02D117917812002C09E4 /* VIEW */,
				314A02D217917817002C09E4 /* CONTROLLER */,
			);
			name = MVC;
			sourceTree = "<group>";
		};
		314A02D01791780D002C09E4 /* MODEL */ = {
			isa = PBXGroup;
			children = (
				3136ACF81795C3E600704973 /* Employee.h */,
				3136ACF91795C3E600704973 /* Employee.m */,
				314A029C179177BD002C09E4 /* RibotTeam.xcdatamodeld */,
			);
			name = MODEL;
			sourceTree = "<group>";
		};
		314A02D117917812002C09E4 /* VIEW */ = {
			isa = PBXGroup;
			children = (
				3136ACF11795B2BA00704973 /* RBTPoppingView.h */,
				3136ACF21795B2BA00704973 /* RBTPoppingView.m */,
				3136ACFF1796043400704973 /* iPhone */,
				3136ACFE1796042100704973 /* iPad */,
			);
			name = VIEW;
			sourceTree = "<group>";
		};
		314A02D217917817002C09E4 /* CONTROLLER */ = {
			isa = PBXGroup;
			children = (
				314A029F179177BD002C09E4 /* RBTMasterViewController.h */,
				314A02A0179177BD002C09E4 /* RBTMasterViewController.m */,
				314A02A2179177BD002C09E4 /* RBTDetailViewController.h */,
				314A02A3179177BD002C09E4 /* RBTDetailViewController.m */,
			);
			name = CONTROLLER;
			sourceTree = "<group>";
		};
		316364DD1796BC2B009B1315 /* Reachability */ = {
			isa = PBXGroup;
			children = (
				316364DE1796BC3A009B1315 /* Reachability.h */,
				316364DF1796BC3A009B1315 /* Reachability.m */,
			);
			name = Reachability;
			sourceTree = "<group>";
		};
/* End PBXGroup section */

/* Begin PBXNativeTarget section */
		314A027E179177BD002C09E4 /* RibotTeam */ = {
			isa = PBXNativeTarget;
			buildConfigurationList = 314A02C9179177BD002C09E4 /* Build configuration list for PBXNativeTarget "RibotTeam" */;
			buildPhases = (
				314A027B179177BD002C09E4 /* Sources */,
				314A027C179177BD002C09E4 /* Frameworks */,
				314A027D179177BD002C09E4 /* Resources */,
			);
			buildRules = (
			);
			dependencies = (
			);
			name = RibotTeam;
			productName = RibotTeam;
			productReference = 314A027F179177BD002C09E4 /* RibotTeam.app */;
			productType = "com.apple.product-type.application";
		};
		314A02B5179177BD002C09E4 /* RibotTeamTests */ = {
			isa = PBXNativeTarget;
			buildConfigurationList = 314A02CC179177BD002C09E4 /* Build configuration list for PBXNativeTarget "RibotTeamTests" */;
			buildPhases = (
				314A02B1179177BD002C09E4 /* Sources */,
				314A02B2179177BD002C09E4 /* Frameworks */,
				314A02B3179177BD002C09E4 /* Resources */,
				314A02B4179177BD002C09E4 /* ShellScript */,
			);
			buildRules = (
			);
			dependencies = (
				314A02BD179177BD002C09E4 /* PBXTargetDependency */,
			);
			name = RibotTeamTests;
			productName = RibotTeamTests;
			productReference = 314A02B6179177BD002C09E4 /* RibotTeamTests.octest */;
			productType = "com.apple.product-type.bundle";
		};
/* End PBXNativeTarget section */

/* Begin PBXProject section */
		314A0277179177BD002C09E4 /* Project object */ = {
			isa = PBXProject;
			attributes = {
				CLASSPREFIX = RBT;
				LastUpgradeCheck = 0460;
				ORGANIZATIONNAME = "Manuel Marcos Regalado";
			};
			buildConfigurationList = 314A027A179177BD002C09E4 /* Build configuration list for PBXProject "RibotTeam" */;
			compatibilityVersion = "Xcode 3.2";
			developmentRegion = English;
			hasScannedForEncodings = 0;
			knownRegions = (
				en,
			);
			mainGroup = 314A0276179177BD002C09E4;
			productRefGroup = 314A0280179177BD002C09E4 /* Products */;
			projectDirPath = "";
			projectRoot = "";
			targets = (
				314A027E179177BD002C09E4 /* RibotTeam */,
				314A02B5179177BD002C09E4 /* RibotTeamTests */,
			);
		};
/* End PBXProject section */

/* Begin PBXResourcesBuildPhase section */
		314A027D179177BD002C09E4 /* Resources */ = {
			isa = PBXResourcesBuildPhase;
			buildActionMask = 2147483647;
			files = (
				314A028F179177BD002C09E4 /* InfoPlist.strings in Resources */,
				314A02A7179177BD002C09E4 /* RBTMasterViewController_iPhone.xib in Resources */,
				314A02AA179177BD002C09E4 /* RBTMasterViewController_iPad.xib in Resources */,
				314A02AD179177BD002C09E4 /* RBTDetailViewController_iPhone.xib in Resources */,
				314A02B0179177BD002C09E4 /* RBTDetailViewController_iPad.xib in Resources */,
				313CB94B1794B25600FFC5CB /* defaultRibot@2x.png in Resources */,
				313CB94E1794B2C500FFC5CB /* defaultRibot.png in Resources */,
				313CB9641794BDCF00FFC5CB /* tableViewArrow.png in Resources */,
				313CB9661794BDCF00FFC5CB /* tableViewArrow@2x.png in Resources */,
				313CB9781794C7C400FFC5CB /* ribotTeamIconSmall.png in Resources */,
				313CB97A1794C7C400FFC5CB /* ribotTeamIconBig.png in Resources */,
				3136ACDA1795654D00704973 /* Default@2x.png in Resources */,
				3136ACDB1795654D00704973 /* Default-568h@2x.png in Resources */,
				3136ACDC1795654D00704973 /* Default.png in Resources */,
				3136ACE617959EF500704973 /* status8@2x.png in Resources */,
				3136ACE717959EF500704973 /* status7@2x.png in Resources */,
				3136ACE817959EF500704973 /* status6@2x.png in Resources */,
				3136ACE917959EF500704973 /* status5@2x.png in Resources */,
				3136ACEA17959EF500704973 /* status4@2x.png in Resources */,
				3136ACEB17959EF500704973 /* status3@2x.png in Resources */,
				3136ACEC17959EF500704973 /* status2@2x.png in Resources */,
				3136ACED17959EF500704973 /* status1@2x.png in Resources */,
				3136ACF51795B6CA00704973 /* poppyView@2x.png in Resources */,
			);
			runOnlyForDeploymentPostprocessing = 0;
		};
		314A02B3179177BD002C09E4 /* Resources */ = {
			isa = PBXResourcesBuildPhase;
			buildActionMask = 2147483647;
			files = (
				314A02C3179177BD002C09E4 /* InfoPlist.strings in Resources */,
				313CB94C1794B25600FFC5CB /* defaultRibot@2x.png in Resources */,
				313CB94F1794B2C500FFC5CB /* defaultRibot.png in Resources */,
				313CB9651794BDCF00FFC5CB /* tableViewArrow.png in Resources */,
				313CB9671794BDCF00FFC5CB /* tableViewArrow@2x.png in Resources */,
				313CB9791794C7C400FFC5CB /* ribotTeamIconSmall.png in Resources */,
				313CB97B1794C7C400FFC5CB /* ribotTeamIconBig.png in Resources */,
			);
			runOnlyForDeploymentPostprocessing = 0;
		};
/* End PBXResourcesBuildPhase section */

/* Begin PBXShellScriptBuildPhase section */
		314A02B4179177BD002C09E4 /* ShellScript */ = {
			isa = PBXShellScriptBuildPhase;
			buildActionMask = 2147483647;
			files = (
			);
			inputPaths = (
			);
			outputPaths = (
			);
			runOnlyForDeploymentPostprocessing = 0;
			shellPath = /bin/sh;
			shellScript = "# Run the unit tests in this test bundle.\n\"${SYSTEM_DEVELOPER_DIR}/Tools/RunUnitTests\"\n";
		};
/* End PBXShellScriptBuildPhase section */

/* Begin PBXSourcesBuildPhase section */
		314A027B179177BD002C09E4 /* Sources */ = {
			isa = PBXSourcesBuildPhase;
			buildActionMask = 2147483647;
			files = (
				314A0291179177BD002C09E4 /* main.m in Sources */,
				314A0295179177BD002C09E4 /* RBTAppDelegate.m in Sources */,
				314A029E179177BD002C09E4 /* RibotTeam.xcdatamodeld in Sources */,
				314A02A1179177BD002C09E4 /* RBTMasterViewController.m in Sources */,
				314A02A4179177BD002C09E4 /* RBTDetailViewController.m in Sources */,
				313CB8F61794A62F00FFC5CB /* UIColor+UIColor_HexColor.m in Sources */,
				313CB8F91794A67800FFC5CB /* UIImage+OverlayTintColor.m in Sources */,
				313CB9031794A79500FFC5CB /* RBTDownloadOperation.m in Sources */,
				313CB9061794A85700FFC5CB /* RBTAnnotationMap.m in Sources */,
				313CB91D1794A96C00FFC5CB /* SDWebImageDownloaderOperation.m in Sources */,
				313CB91F1794A96C00FFC5CB /* UIImageView+WebCache.m in Sources */,
				313CB9211794A96C00FFC5CB /* SDWebImageCompat.m in Sources */,
				313CB9231794A96C00FFC5CB /* MKAnnotationView+WebCache.m in Sources */,
				313CB9251794A96C00FFC5CB /* SDImageCache.m in Sources */,
				313CB9271794A96C00FFC5CB /* SDWebImageDecoder.m in Sources */,
				313CB9291794A96C00FFC5CB /* SDWebImageDownloader.m in Sources */,
				313CB92B1794A96C00FFC5CB /* SDWebImageManager.m in Sources */,
				313CB92D1794A96C00FFC5CB /* SDWebImagePrefetcher.m in Sources */,
				313CB92F1794A96C00FFC5CB /* UIButton+WebCache.m in Sources */,
				3136ACF31795B2BA00704973 /* RBTPoppingView.m in Sources */,
				3136ACFA1795C3E600704973 /* Employee.m in Sources */,
				316364E01796BC3A009B1315 /* Reachability.m in Sources */,
			);
			runOnlyForDeploymentPostprocessing = 0;
		};
		314A02B1179177BD002C09E4 /* Sources */ = {
			isa = PBXSourcesBuildPhase;
			buildActionMask = 2147483647;
			files = (
				314A02C6179177BD002C09E4 /* RibotTeamTests.m in Sources */,
				313CB91E1794A96C00FFC5CB /* SDWebImageDownloaderOperation.m in Sources */,
				313CB9201794A96C00FFC5CB /* UIImageView+WebCache.m in Sources */,
				313CB9221794A96C00FFC5CB /* SDWebImageCompat.m in Sources */,
				313CB9241794A96C00FFC5CB /* MKAnnotationView+WebCache.m in Sources */,
				313CB9261794A96C00FFC5CB /* SDImageCache.m in Sources */,
				313CB9281794A96C00FFC5CB /* SDWebImageDecoder.m in Sources */,
				313CB92A1794A96C00FFC5CB /* SDWebImageDownloader.m in Sources */,
				313CB92C1794A96C00FFC5CB /* SDWebImageManager.m in Sources */,
				313CB92E1794A96C00FFC5CB /* SDWebImagePrefetcher.m in Sources */,
				313CB9301794A96C00FFC5CB /* UIButton+WebCache.m in Sources */,
				316364E11796BC3A009B1315 /* Reachability.m in Sources */,
			);
			runOnlyForDeploymentPostprocessing = 0;
		};
/* End PBXSourcesBuildPhase section */

/* Begin PBXTargetDependency section */
		314A02BD179177BD002C09E4 /* PBXTargetDependency */ = {
			isa = PBXTargetDependency;
			target = 314A027E179177BD002C09E4 /* RibotTeam */;
			targetProxy = 314A02BC179177BD002C09E4 /* PBXContainerItemProxy */;
		};
/* End PBXTargetDependency section */

/* Begin PBXVariantGroup section */
		314A028D179177BD002C09E4 /* InfoPlist.strings */ = {
			isa = PBXVariantGroup;
			children = (
				314A028E179177BD002C09E4 /* en */,
			);
			name = InfoPlist.strings;
			sourceTree = "<group>";
		};
		314A02A5179177BD002C09E4 /* RBTMasterViewController_iPhone.xib */ = {
			isa = PBXVariantGroup;
			children = (
				314A02A6179177BD002C09E4 /* en */,
			);
			name = RBTMasterViewController_iPhone.xib;
			sourceTree = "<group>";
		};
		314A02A8179177BD002C09E4 /* RBTMasterViewController_iPad.xib */ = {
			isa = PBXVariantGroup;
			children = (
				314A02A9179177BD002C09E4 /* en */,
			);
			name = RBTMasterViewController_iPad.xib;
			sourceTree = "<group>";
		};
		314A02AB179177BD002C09E4 /* RBTDetailViewController_iPhone.xib */ = {
			isa = PBXVariantGroup;
			children = (
				314A02AC179177BD002C09E4 /* en */,
			);
			name = RBTDetailViewController_iPhone.xib;
			sourceTree = "<group>";
		};
		314A02AE179177BD002C09E4 /* RBTDetailViewController_iPad.xib */ = {
			isa = PBXVariantGroup;
			children = (
				314A02AF179177BD002C09E4 /* en */,
			);
			name = RBTDetailViewController_iPad.xib;
			sourceTree = "<group>";
		};
		314A02C1179177BD002C09E4 /* InfoPlist.strings */ = {
			isa = PBXVariantGroup;
			children = (
				314A02C2179177BD002C09E4 /* en */,
			);
			name = InfoPlist.strings;
			sourceTree = "<group>";
		};
/* End PBXVariantGroup section */

/* Begin XCBuildConfiguration section */
		314A02C7179177BD002C09E4 /* Debug */ = {
			isa = XCBuildConfiguration;
			buildSettings = {
				ALWAYS_SEARCH_USER_PATHS = NO;
				CLANG_CXX_LANGUAGE_STANDARD = "gnu++0x";
				CLANG_CXX_LIBRARY = "libc++";
				CLANG_WARN_CONSTANT_CONVERSION = YES;
				CLANG_WARN_EMPTY_BODY = YES;
				CLANG_WARN_ENUM_CONVERSION = YES;
				CLANG_WARN_INT_CONVERSION = YES;
				CLANG_WARN__DUPLICATE_METHOD_MATCH = YES;
				"CODE_SIGN_IDENTITY[sdk=iphoneos*]" = "iPhone Developer";
				COPY_PHASE_STRIP = NO;
				GCC_C_LANGUAGE_STANDARD = gnu99;
				GCC_DYNAMIC_NO_PIC = NO;
				GCC_OPTIMIZATION_LEVEL = 0;
				GCC_PREPROCESSOR_DEFINITIONS = (
					"DEBUG=1",
					"$(inherited)",
				);
				GCC_SYMBOLS_PRIVATE_EXTERN = NO;
				GCC_WARN_ABOUT_RETURN_TYPE = YES;
				GCC_WARN_UNINITIALIZED_AUTOS = YES;
				GCC_WARN_UNUSED_VARIABLE = YES;
				IPHONEOS_DEPLOYMENT_TARGET = 6.1;
				ONLY_ACTIVE_ARCH = YES;
				SDKROOT = iphoneos;
				TARGETED_DEVICE_FAMILY = "1,2";
			};
			name = Debug;
		};
		314A02C8179177BD002C09E4 /* Release */ = {
			isa = XCBuildConfiguration;
			buildSettings = {
				ALWAYS_SEARCH_USER_PATHS = NO;
				CLANG_CXX_LANGUAGE_STANDARD = "gnu++0x";
				CLANG_CXX_LIBRARY = "libc++";
				CLANG_WARN_CONSTANT_CONVERSION = YES;
				CLANG_WARN_EMPTY_BODY = YES;
				CLANG_WARN_ENUM_CONVERSION = YES;
				CLANG_WARN_INT_CONVERSION = YES;
				CLANG_WARN__DUPLICATE_METHOD_MATCH = YES;
				"CODE_SIGN_IDENTITY[sdk=iphoneos*]" = "iPhone Developer";
				COPY_PHASE_STRIP = YES;
				GCC_C_LANGUAGE_STANDARD = gnu99;
				GCC_WARN_ABOUT_RETURN_TYPE = YES;
				GCC_WARN_UNINITIALIZED_AUTOS = YES;
				GCC_WARN_UNUSED_VARIABLE = YES;
				IPHONEOS_DEPLOYMENT_TARGET = 6.1;
				OTHER_CFLAGS = "-DNS_BLOCK_ASSERTIONS=1";
				SDKROOT = iphoneos;
				TARGETED_DEVICE_FAMILY = "1,2";
				VALIDATE_PRODUCT = YES;
			};
			name = Release;
		};
		314A02CA179177BD002C09E4 /* Debug */ = {
			isa = XCBuildConfiguration;
			buildSettings = {
				GCC_PRECOMPILE_PREFIX_HEADER = YES;
				GCC_PREFIX_HEADER = "RibotTeam/RibotTeam-Prefix.pch";
				INFOPLIST_FILE = "RibotTeam/RibotTeam-Info.plist";
				IPHONEOS_DEPLOYMENT_TARGET = 6.0;
				PRODUCT_NAME = "$(TARGET_NAME)";
				WRAPPER_EXTENSION = app;
			};
			name = Debug;
		};
		314A02CB179177BD002C09E4 /* Release */ = {
			isa = XCBuildConfiguration;
			buildSettings = {
				GCC_PRECOMPILE_PREFIX_HEADER = YES;
				GCC_PREFIX_HEADER = "RibotTeam/RibotTeam-Prefix.pch";
				INFOPLIST_FILE = "RibotTeam/RibotTeam-Info.plist";
				IPHONEOS_DEPLOYMENT_TARGET = 6.0;
				PRODUCT_NAME = "$(TARGET_NAME)";
				WRAPPER_EXTENSION = app;
			};
			name = Release;
		};
		314A02CD179177BD002C09E4 /* Debug */ = {
			isa = XCBuildConfiguration;
			buildSettings = {
				BUNDLE_LOADER = "$(BUILT_PRODUCTS_DIR)/RibotTeam.app/RibotTeam";
				FRAMEWORK_SEARCH_PATHS = (
					"\"$(SDKROOT)/Developer/Library/Frameworks\"",
					"\"$(DEVELOPER_LIBRARY_DIR)/Frameworks\"",
				);
				GCC_PRECOMPILE_PREFIX_HEADER = YES;
				GCC_PREFIX_HEADER = "RibotTeam/RibotTeam-Prefix.pch";
				INFOPLIST_FILE = "RibotTeamTests/RibotTeamTests-Info.plist";
				PRODUCT_NAME = "$(TARGET_NAME)";
				TEST_HOST = "$(BUNDLE_LOADER)";
				WRAPPER_EXTENSION = octest;
			};
			name = Debug;
		};
		314A02CE179177BD002C09E4 /* Release */ = {
			isa = XCBuildConfiguration;
			buildSettings = {
				BUNDLE_LOADER = "$(BUILT_PRODUCTS_DIR)/RibotTeam.app/RibotTeam";
				FRAMEWORK_SEARCH_PATHS = (
					"\"$(SDKROOT)/Developer/Library/Frameworks\"",
					"\"$(DEVELOPER_LIBRARY_DIR)/Frameworks\"",
				);
				GCC_PRECOMPILE_PREFIX_HEADER = YES;
				GCC_PREFIX_HEADER = "RibotTeam/RibotTeam-Prefix.pch";
				INFOPLIST_FILE = "RibotTeamTests/RibotTeamTests-Info.plist";
				PRODUCT_NAME = "$(TARGET_NAME)";
				TEST_HOST = "$(BUNDLE_LOADER)";
				WRAPPER_EXTENSION = octest;
			};
			name = Release;
		};
/* End XCBuildConfiguration section */

/* Begin XCConfigurationList section */
		314A027A179177BD002C09E4 /* Build configuration list for PBXProject "RibotTeam" */ = {
			isa = XCConfigurationList;
			buildConfigurations = (
				314A02C7179177BD002C09E4 /* Debug */,
				314A02C8179177BD002C09E4 /* Release */,
			);
			defaultConfigurationIsVisible = 0;
			defaultConfigurationName = Release;
		};
		314A02C9179177BD002C09E4 /* Build configuration list for PBXNativeTarget "RibotTeam" */ = {
			isa = XCConfigurationList;
			buildConfigurations = (
				314A02CA179177BD002C09E4 /* Debug */,
				314A02CB179177BD002C09E4 /* Release */,
			);
			defaultConfigurationIsVisible = 0;
			defaultConfigurationName = Release;
		};
		314A02CC179177BD002C09E4 /* Build configuration list for PBXNativeTarget "RibotTeamTests" */ = {
			isa = XCConfigurationList;
			buildConfigurations = (
				314A02CD179177BD002C09E4 /* Debug */,
				314A02CE179177BD002C09E4 /* Release */,
			);
			defaultConfigurationIsVisible = 0;
			defaultConfigurationName = Release;
		};
/* End XCConfigurationList section */

/* Begin XCVersionGroup section */
		314A029C179177BD002C09E4 /* RibotTeam.xcdatamodeld */ = {
			isa = XCVersionGroup;
			children = (
				314A029D179177BD002C09E4 /* RibotTeam.xcdatamodel */,
			);
			currentVersion = 314A029D179177BD002C09E4 /* RibotTeam.xcdatamodel */;
			path = RibotTeam.xcdatamodeld;
			sourceTree = "<group>";
			versionGroupType = wrapper.xcdatamodel;
		};
/* End XCVersionGroup section */
	};
	rootObject = 314A0277179177BD002C09E4 /* Project object */;
}
